
Microsoft Visual Studio Solution File, Format Version 12.00
# Visual Studio 2013
VisualStudioVersion = 12.0.31101.0
MinimumVisualStudioVersion = 10.0.40219.1
Project("{FAE04EC0-301F-11D3-BF4B-00C04F79EFBC}") = "SurveyManager.Domain", "SurveyManager.Domain\SurveyManager.Domain.csproj", "{10FDCDFE-E6E2-4E14-BACB-A533239B40BF}"
EndProject
Project("{FAE04EC0-301F-11D3-BF4B-00C04F79EFBC}") = "SurveyManager.Domain.Test", "SurveyManager.Domain.Test\SurveyManager.Domain.Test.csproj", "{14CF3376-7668-4420-9EDD-20A8D0DF20B8}"
EndProject
Project("{FAE04EC0-301F-11D3-BF4B-00C04F79EFBC}") = "SurveyManager.Presentation.MVC", "SurveyManager.Presentation.MVC\SurveyManager.Presentation.MVC.csproj", "{7AF4A8CE-DAC7-4E32-9465-EFB390AF566A}"
EndProject
Project("{FAE04EC0-301F-11D3-BF4B-00C04F79EFBC}") = "SurveyManager.Presentation.MVC.Tests", "SurveyManager.Presentation.MVC.Tests\SurveyManager.Presentation.MVC.Tests.csproj", "{B52709D9-220D-479B-B469-37E7F44C629B}"
EndProject
Project("{2150E333-8FDC-42A3-9474-1A3956D46DE8}") = "Presentation", "Presentation", "{C645FE4A-29E3-47B0-9B18-24FF07DE46CB}"
EndProject
Project("{2150E333-8FDC-42A3-9474-1A3956D46DE8}") = "Domain", "Domain", "{329B7CEF-34A6-401A-9657-BE0044D8AC24}"
EndProject
Global
	GlobalSection(SolutionConfigurationPlatforms) = preSolution
		Debug|Any CPU = Debug|Any CPU
		Release|Any CPU = Release|Any CPU
	EndGlobalSection
	GlobalSection(ProjectConfigurationPlatforms) = postSolution
		{10FDCDFE-E6E2-4E14-BACB-A533239B40BF}.Debug|Any CPU.ActiveCfg = Debug|Any CPU
		{10FDCDFE-E6E2-4E14-BACB-A533239B40BF}.Debug|Any CPU.Build.0 = Debug|Any CPU
		{10FDCDFE-E6E2-4E14-BACB-A533239B40BF}.Release|Any CPU.ActiveCfg = Release|Any CPU
		{10FDCDFE-E6E2-4E14-BACB-A533239B40BF}.Release|Any CPU.Build.0 = Release|Any CPU
		{14CF3376-7668-4420-9EDD-20A8D0DF20B8}.Debug|Any CPU.ActiveCfg = Debug|Any CPU
		{14CF3376-7668-4420-9EDD-20A8D0DF20B8}.Debug|Any CPU.Build.0 = Debug|Any CPU
		{14CF3376-7668-4420-9EDD-20A8D0DF20B8}.Release|Any CPU.ActiveCfg = Release|Any CPU
		{14CF3376-7668-4420-9EDD-20A8D0DF20B8}.Release|Any CPU.Build.0 = Release|Any CPU
		{7AF4A8CE-DAC7-4E32-9465-EFB390AF566A}.Debug|Any CPU.ActiveCfg = Debug|Any CPU
		{7AF4A8CE-DAC7-4E32-9465-EFB390AF566A}.Debug|Any CPU.Build.0 = Debug|Any CPU
		{7AF4A8CE-DAC7-4E32-9465-EFB390AF566A}.Release|Any CPU.ActiveCfg = Release|Any CPU
		{7AF4A8CE-DAC7-4E32-9465-EFB390AF566A}.Release|Any CPU.Build.0 = Release|Any CPU
		{B52709D9-220D-479B-B469-37E7F44C629B}.Debug|Any CPU.ActiveCfg = Debug|Any CPU
		{B52709D9-220D-479B-B469-37E7F44C629B}.Debug|Any CPU.Build.0 = Debug|Any CPU
		{B52709D9-220D-479B-B469-37E7F44C629B}.Release|Any CPU.ActiveCfg = Release|Any CPU
		{B52709D9-220D-479B-B469-37E7F44C629B}.Release|Any CPU.Build.0 = Release|Any CPU
	EndGlobalSection
	GlobalSection(SolutionProperties) = preSolution
		HideSolutionNode = FALSE
	EndGlobalSection
	GlobalSection(NestedProjects) = preSolution
		{10FDCDFE-E6E2-4E14-BACB-A533239B40BF} = {329B7CEF-34A6-401A-9657-BE0044D8AC24}
		{14CF3376-7668-4420-9EDD-20A8D0DF20B8} = {329B7CEF-34A6-401A-9657-BE0044D8AC24}
		{7AF4A8CE-DAC7-4E32-9465-EFB390AF566A} = {C645FE4A-29E3-47B0-9B18-24FF07DE46CB}
		{B52709D9-220D-479B-B469-37E7F44C629B} = {C645FE4A-29E3-47B0-9B18-24FF07DE46CB}
	EndGlobalSection
EndGlobal
